
Microsoft Visual Studio Solution File, Format Version 12.00
# Visual Studio 15
VisualStudioVersion = 15.0.26124.0
MinimumVisualStudioVersion = 15.0.26124.0
Project("{FAE04EC0-301F-11D3-BF4B-00C04F79EFBC}") = "dotnetdemo.api", "dotnetdemo.api\dotnetdemo.api.csproj", "{0AB0293F-CCA6-437C-A7A9-9E7341FA8CCC}"
EndProject
Project("{FAE04EC0-301F-11D3-BF4B-00C04F79EFBC}") = "dotnetdemo.data", "dotnetdemo.data\dotnetdemo.data.csproj", "{6A02078A-F56D-4C66-A623-7578099A7377}"
EndProject
Global
	GlobalSection(SolutionConfigurationPlatforms) = preSolution
		Debug|Any CPU = Debug|Any CPU
		Debug|x64 = Debug|x64
		Debug|x86 = Debug|x86
		Release|Any CPU = Release|Any CPU
		Release|x64 = Release|x64
		Release|x86 = Release|x86
	EndGlobalSection
	GlobalSection(SolutionProperties) = preSolution
		HideSolutionNode = FALSE
	EndGlobalSection
	GlobalSection(ProjectConfigurationPlatforms) = postSolution
		{0AB0293F-CCA6-437C-A7A9-9E7341FA8CCC}.Debug|Any CPU.ActiveCfg = Debug|Any CPU
		{0AB0293F-CCA6-437C-A7A9-9E7341FA8CCC}.Debug|Any CPU.Build.0 = Debug|Any CPU
		{0AB0293F-CCA6-437C-A7A9-9E7341FA8CCC}.Debug|x64.ActiveCfg = Debug|Any CPU
		{0AB0293F-CCA6-437C-A7A9-9E7341FA8CCC}.Debug|x64.Build.0 = Debug|Any CPU
		{0AB0293F-CCA6-437C-A7A9-9E7341FA8CCC}.Debug|x86.ActiveCfg = Debug|Any CPU
		{0AB0293F-CCA6-437C-A7A9-9E7341FA8CCC}.Debug|x86.Build.0 = Debug|Any CPU
		{0AB0293F-CCA6-437C-A7A9-9E7341FA8CCC}.Release|Any CPU.ActiveCfg = Release|Any CPU
		{0AB0293F-CCA6-437C-A7A9-9E7341FA8CCC}.Release|Any CPU.Build.0 = Release|Any CPU
		{0AB0293F-CCA6-437C-A7A9-9E7341FA8CCC}.Release|x64.ActiveCfg = Release|Any CPU
		{0AB0293F-CCA6-437C-A7A9-9E7341FA8CCC}.Release|x64.Build.0 = Release|Any CPU
		{0AB0293F-CCA6-437C-A7A9-9E7341FA8CCC}.Release|x86.ActiveCfg = Release|Any CPU
		{0AB0293F-CCA6-437C-A7A9-9E7341FA8CCC}.Release|x86.Build.0 = Release|Any CPU
		{6A02078A-F56D-4C66-A623-7578099A7377}.Debug|Any CPU.ActiveCfg = Debug|Any CPU
		{6A02078A-F56D-4C66-A623-7578099A7377}.Debug|Any CPU.Build.0 = Debug|Any CPU
		{6A02078A-F56D-4C66-A623-7578099A7377}.Debug|x64.ActiveCfg = Debug|Any CPU
		{6A02078A-F56D-4C66-A623-7578099A7377}.Debug|x64.Build.0 = Debug|Any CPU
		{6A02078A-F56D-4C66-A623-7578099A7377}.Debug|x86.ActiveCfg = Debug|Any CPU
		{6A02078A-F56D-4C66-A623-7578099A7377}.Debug|x86.Build.0 = Debug|Any CPU
		{6A02078A-F56D-4C66-A623-7578099A7377}.Release|Any CPU.ActiveCfg = Release|Any CPU
		{6A02078A-F56D-4C66-A623-7578099A7377}.Release|Any CPU.Build.0 = Release|Any CPU
		{6A02078A-F56D-4C66-A623-7578099A7377}.Release|x64.ActiveCfg = Release|Any CPU
		{6A02078A-F56D-4C66-A623-7578099A7377}.Release|x64.Build.0 = Release|Any CPU
		{6A02078A-F56D-4C66-A623-7578099A7377}.Release|x86.ActiveCfg = Release|Any CPU
		{6A02078A-F56D-4C66-A623-7578099A7377}.Release|x86.Build.0 = Release|Any CPU
	EndGlobalSection
EndGlobal
